
Microsoft Visual Studio Solution File, Format Version 12.00
# Visual Studio 15
VisualStudioVersion = 15.0.26430.6
MinimumVisualStudioVersion = 10.0.40219.1
Project("{2150E333-8FDC-42A3-9474-1A3956D46DE8}") = "Client", "Client", "{5C23FD58-CD5E-4D5E-81B0-DFA78C6528DA}"
EndProject
Project("{FAE04EC0-301F-11D3-BF4B-00C04F79EFBC}") = "Lovewing.Game", "Lovewing.Game\Lovewing.Game.csproj", "{EB1CCE53-53A0-44A0-AD58-459608687511}"
	ProjectSection(ProjectDependencies) = postProject
		{7AE5D1F5-77A5-4478-8D6E-32D06C7060B9} = {7AE5D1F5-77A5-4478-8D6E-32D06C7060B9}
	EndProjectSection
EndProject
Project("{FAE04EC0-301F-11D3-BF4B-00C04F79EFBC}") = "osu.Framework", "osu.Framework\osu.Framework\osu.Framework.csproj", "{C76BF5B3-985E-4D39-95FE-97C9C879B83A}"
EndProject
Project("{FAE04EC0-301F-11D3-BF4B-00C04F79EFBC}") = "osu.Framework.Tests", "osu.Framework\osu.Framework.Tests\osu.Framework.Tests.csproj", "{79803407-6F50-484F-93F5-641911EABD8A}"
EndProject
Project("{2150E333-8FDC-42A3-9474-1A3956D46DE8}") = "Tests", "Tests", "{46CA05F7-5AC2-4A96-B065-FB6CB4E4D204}"
EndProject
Project("{2150E333-8FDC-42A3-9474-1A3956D46DE8}") = "Framework", "Framework", "{02639B6E-A6E6-41BA-AF02-475E5C2DCB0A}"
EndProject
Project("{FAE04EC0-301F-11D3-BF4B-00C04F79EFBC}") = "Lovewing.Game.Player", "Lovewing.Game.Player\Lovewing.Game.Player.csproj", "{A022240D-3E05-44CF-B23F-63E0DAB470A0}"
EndProject
Project("{FAE04EC0-301F-11D3-BF4B-00C04F79EFBC}") = "Lovewing.Game.Resources", "Lovewing.Resources\Lovewing.Game.Resources\Lovewing.Game.Resources.csproj", "{7AE5D1F5-77A5-4478-8D6E-32D06C7060B9}"
EndProject
Project("{2150E333-8FDC-42A3-9474-1A3956D46DE8}") = "Resources", "Resources", "{708BB68C-4202-4504-8890-3D552BEE1DE7}"
EndProject
Project("{2150E333-8FDC-42A3-9474-1A3956D46DE8}") = "Packager", "Packager", "{0B7BB2E3-3EF9-430F-998F-1B0E96B3E344}"
EndProject
Project("{FAE04EC0-301F-11D3-BF4B-00C04F79EFBC}") = "Lovewing.Game.Packager", "Lovewing.Packager\Lovewing.Game.Packager.csproj", "{BCD11A0C-81D1-41E1-A86F-C52A73960544}"
EndProject
Global
	GlobalSection(SolutionConfigurationPlatforms) = preSolution
		Debug|Any CPU = Debug|Any CPU
		Release|Any CPU = Release|Any CPU
		Visual Tests (Debug)|Any CPU = Visual Tests (Debug)|Any CPU
		Visual Tests (Release)|Any CPU = Visual Tests (Release)|Any CPU
	EndGlobalSection
	GlobalSection(ProjectConfigurationPlatforms) = postSolution
		{EB1CCE53-53A0-44A0-AD58-459608687511}.Debug|Any CPU.ActiveCfg = Debug|Any CPU
		{EB1CCE53-53A0-44A0-AD58-459608687511}.Debug|Any CPU.Build.0 = Debug|Any CPU
		{EB1CCE53-53A0-44A0-AD58-459608687511}.Release|Any CPU.ActiveCfg = Release|Any CPU
		{EB1CCE53-53A0-44A0-AD58-459608687511}.Release|Any CPU.Build.0 = Release|Any CPU
		{EB1CCE53-53A0-44A0-AD58-459608687511}.Visual Tests (Debug)|Any CPU.ActiveCfg = Visual Tests (Debug)|Any CPU
		{EB1CCE53-53A0-44A0-AD58-459608687511}.Visual Tests (Debug)|Any CPU.Build.0 = Visual Tests (Debug)|Any CPU
		{EB1CCE53-53A0-44A0-AD58-459608687511}.Visual Tests (Release)|Any CPU.ActiveCfg = Visual Tests (Release)|Any CPU
		{EB1CCE53-53A0-44A0-AD58-459608687511}.Visual Tests (Release)|Any CPU.Build.0 = Visual Tests (Release)|Any CPU
		{C76BF5B3-985E-4D39-95FE-97C9C879B83A}.Debug|Any CPU.ActiveCfg = Debug|Any CPU
		{C76BF5B3-985E-4D39-95FE-97C9C879B83A}.Debug|Any CPU.Build.0 = Debug|Any CPU
		{C76BF5B3-985E-4D39-95FE-97C9C879B83A}.Release|Any CPU.ActiveCfg = Release|Any CPU
		{C76BF5B3-985E-4D39-95FE-97C9C879B83A}.Release|Any CPU.Build.0 = Release|Any CPU
		{C76BF5B3-985E-4D39-95FE-97C9C879B83A}.Visual Tests (Debug)|Any CPU.ActiveCfg = Debug|Any CPU
		{C76BF5B3-985E-4D39-95FE-97C9C879B83A}.Visual Tests (Debug)|Any CPU.Build.0 = Debug|Any CPU
		{C76BF5B3-985E-4D39-95FE-97C9C879B83A}.Visual Tests (Release)|Any CPU.ActiveCfg = Release|Any CPU
		{C76BF5B3-985E-4D39-95FE-97C9C879B83A}.Visual Tests (Release)|Any CPU.Build.0 = Release|Any CPU
		{79803407-6F50-484F-93F5-641911EABD8A}.Debug|Any CPU.ActiveCfg = Debug|Any CPU
		{79803407-6F50-484F-93F5-641911EABD8A}.Debug|Any CPU.Build.0 = Debug|Any CPU
		{79803407-6F50-484F-93F5-641911EABD8A}.Release|Any CPU.ActiveCfg = Release|Any CPU
		{79803407-6F50-484F-93F5-641911EABD8A}.Release|Any CPU.Build.0 = Release|Any CPU
		{79803407-6F50-484F-93F5-641911EABD8A}.Visual Tests (Debug)|Any CPU.ActiveCfg = Debug|Any CPU
		{79803407-6F50-484F-93F5-641911EABD8A}.Visual Tests (Debug)|Any CPU.Build.0 = Debug|Any CPU
		{79803407-6F50-484F-93F5-641911EABD8A}.Visual Tests (Release)|Any CPU.ActiveCfg = Release|Any CPU
		{79803407-6F50-484F-93F5-641911EABD8A}.Visual Tests (Release)|Any CPU.Build.0 = Release|Any CPU
		{A022240D-3E05-44CF-B23F-63E0DAB470A0}.Debug|Any CPU.ActiveCfg = Debug|Any CPU
		{A022240D-3E05-44CF-B23F-63E0DAB470A0}.Debug|Any CPU.Build.0 = Debug|Any CPU
		{A022240D-3E05-44CF-B23F-63E0DAB470A0}.Release|Any CPU.ActiveCfg = Release|Any CPU
		{A022240D-3E05-44CF-B23F-63E0DAB470A0}.Release|Any CPU.Build.0 = Release|Any CPU
		{A022240D-3E05-44CF-B23F-63E0DAB470A0}.Visual Tests (Debug)|Any CPU.ActiveCfg = Debug|Any CPU
		{A022240D-3E05-44CF-B23F-63E0DAB470A0}.Visual Tests (Debug)|Any CPU.Build.0 = Debug|Any CPU
		{A022240D-3E05-44CF-B23F-63E0DAB470A0}.Visual Tests (Release)|Any CPU.ActiveCfg = Release|Any CPU
		{A022240D-3E05-44CF-B23F-63E0DAB470A0}.Visual Tests (Release)|Any CPU.Build.0 = Release|Any CPU
		{7AE5D1F5-77A5-4478-8D6E-32D06C7060B9}.Debug|Any CPU.ActiveCfg = Debug|Any CPU
		{7AE5D1F5-77A5-4478-8D6E-32D06C7060B9}.Debug|Any CPU.Build.0 = Debug|Any CPU
		{7AE5D1F5-77A5-4478-8D6E-32D06C7060B9}.Release|Any CPU.ActiveCfg = Release|Any CPU
		{7AE5D1F5-77A5-4478-8D6E-32D06C7060B9}.Release|Any CPU.Build.0 = Release|Any CPU
		{7AE5D1F5-77A5-4478-8D6E-32D06C7060B9}.Visual Tests (Debug)|Any CPU.ActiveCfg = Debug|Any CPU
		{7AE5D1F5-77A5-4478-8D6E-32D06C7060B9}.Visual Tests (Debug)|Any CPU.Build.0 = Debug|Any CPU
		{7AE5D1F5-77A5-4478-8D6E-32D06C7060B9}.Visual Tests (Release)|Any CPU.ActiveCfg = Release|Any CPU
		{7AE5D1F5-77A5-4478-8D6E-32D06C7060B9}.Visual Tests (Release)|Any CPU.Build.0 = Release|Any CPU
		{BCD11A0C-81D1-41E1-A86F-C52A73960544}.Debug|Any CPU.ActiveCfg = Debug|Any CPU
		{BCD11A0C-81D1-41E1-A86F-C52A73960544}.Debug|Any CPU.Build.0 = Debug|Any CPU
		{BCD11A0C-81D1-41E1-A86F-C52A73960544}.Release|Any CPU.ActiveCfg = Release|Any CPU
		{BCD11A0C-81D1-41E1-A86F-C52A73960544}.Release|Any CPU.Build.0 = Release|Any CPU
		{BCD11A0C-81D1-41E1-A86F-C52A73960544}.Visual Tests (Debug)|Any CPU.ActiveCfg = Debug|Any CPU
		{BCD11A0C-81D1-41E1-A86F-C52A73960544}.Visual Tests (Debug)|Any CPU.Build.0 = Debug|Any CPU
		{BCD11A0C-81D1-41E1-A86F-C52A73960544}.Visual Tests (Release)|Any CPU.ActiveCfg = Release|Any CPU
		{BCD11A0C-81D1-41E1-A86F-C52A73960544}.Visual Tests (Release)|Any CPU.Build.0 = Release|Any CPU
	EndGlobalSection
	GlobalSection(SolutionProperties) = preSolution
		HideSolutionNode = FALSE
	EndGlobalSection
	GlobalSection(NestedProjects) = preSolution
		{EB1CCE53-53A0-44A0-AD58-459608687511} = {5C23FD58-CD5E-4D5E-81B0-DFA78C6528DA}
		{C76BF5B3-985E-4D39-95FE-97C9C879B83A} = {02639B6E-A6E6-41BA-AF02-475E5C2DCB0A}
		{79803407-6F50-484F-93F5-641911EABD8A} = {46CA05F7-5AC2-4A96-B065-FB6CB4E4D204}
		{A022240D-3E05-44CF-B23F-63E0DAB470A0} = {5C23FD58-CD5E-4D5E-81B0-DFA78C6528DA}
		{7AE5D1F5-77A5-4478-8D6E-32D06C7060B9} = {708BB68C-4202-4504-8890-3D552BEE1DE7}
		{BCD11A0C-81D1-41E1-A86F-C52A73960544} = {0B7BB2E3-3EF9-430F-998F-1B0E96B3E344}
	EndGlobalSection
	GlobalSection(ExtensibilityGlobals) = postSolution
		SolutionGuid = {E26A080D-D84A-4F99-B293-7999116D5D89}
	EndGlobalSection
EndGlobal
