
Microsoft Visual Studio Solution File, Format Version 12.00
# Visual Studio 15
VisualStudioVersion = 15.0.27428.2037
MinimumVisualStudioVersion = 10.0.40219.1
Project("{FAE04EC0-301F-11D3-BF4B-00C04F79EFBC}") = "Lovewing", "Lovewing\Lovewing.csproj", "{B6C49854-A2EF-4808-8824-FDA998EBB221}"
EndProject
Project("{FAE04EC0-301F-11D3-BF4B-00C04F79EFBC}") = "Lovewing.Game.Resources", "lovewing-resources\Lovewing.Game.Resources\Lovewing.Game.Resources.csproj", "{7AE5D1F5-77A5-4478-8D6E-32D06C7060B9}"
EndProject
Global
	GlobalSection(SolutionConfigurationPlatforms) = preSolution
		Debug|Any CPU = Debug|Any CPU
		Release|Any CPU = Release|Any CPU
	EndGlobalSection
	GlobalSection(ProjectConfigurationPlatforms) = postSolution
		{B6C49854-A2EF-4808-8824-FDA998EBB221}.Debug|Any CPU.ActiveCfg = Debug|Any CPU
		{B6C49854-A2EF-4808-8824-FDA998EBB221}.Debug|Any CPU.Build.0 = Debug|Any CPU
		{B6C49854-A2EF-4808-8824-FDA998EBB221}.Release|Any CPU.ActiveCfg = Release|Any CPU
		{B6C49854-A2EF-4808-8824-FDA998EBB221}.Release|Any CPU.Build.0 = Release|Any CPU
		{7AE5D1F5-77A5-4478-8D6E-32D06C7060B9}.Debug|Any CPU.ActiveCfg = Debug|Any CPU
		{7AE5D1F5-77A5-4478-8D6E-32D06C7060B9}.Debug|Any CPU.Build.0 = Debug|Any CPU
		{7AE5D1F5-77A5-4478-8D6E-32D06C7060B9}.Release|Any CPU.ActiveCfg = Release|Any CPU
		{7AE5D1F5-77A5-4478-8D6E-32D06C7060B9}.Release|Any CPU.Build.0 = Release|Any CPU
	EndGlobalSection
	GlobalSection(SolutionProperties) = preSolution
		HideSolutionNode = FALSE
	EndGlobalSection
	GlobalSection(ExtensibilityGlobals) = postSolution
		SolutionGuid = {916896CB-9E66-4B8E-BBDD-F221BBD82A34}
	EndGlobalSection
EndGlobal
